// !$*UTF8*$!
{
	archiveVersion = 1;
	classes = {
	};
	objectVersion = 50;
	objects = {

/* Begin PBXBuildFile section */
		471CA07925FDC74300A7C380 /* LoginController.swift in Sources */ = {isa = PBXBuildFile; fileRef = 471CA07825FDC74300A7C380 /* LoginController.swift */; };
		47DAF92225F9215E00482EE7 /* AppDelegate.swift in Sources */ = {isa = PBXBuildFile; fileRef = 47DAF92125F9215E00482EE7 /* AppDelegate.swift */; };
		47DAF92425F9215E00482EE7 /* SceneDelegate.swift in Sources */ = {isa = PBXBuildFile; fileRef = 47DAF92325F9215E00482EE7 /* SceneDelegate.swift */; };
		47DAF92625F9215E00482EE7 /* ViewController.swift in Sources */ = {isa = PBXBuildFile; fileRef = 47DAF92525F9215E00482EE7 /* ViewController.swift */; };
		47DAF92925F9215E00482EE7 /* Main.storyboard in Resources */ = {isa = PBXBuildFile; fileRef = 47DAF92725F9215E00482EE7 /* Main.storyboard */; };
		47DAF92B25F9215E00482EE7 /* Assets.xcassets in Resources */ = {isa = PBXBuildFile; fileRef = 47DAF92A25F9215E00482EE7 /* Assets.xcassets */; };
		47DAF92E25F9215E00482EE7 /* LaunchScreen.storyboard in Resources */ = {isa = PBXBuildFile; fileRef = 47DAF92C25F9215E00482EE7 /* LaunchScreen.storyboard */; };
/* End PBXBuildFile section */

/* Begin PBXFileReference section */
		471CA07825FDC74300A7C380 /* LoginController.swift */ = {isa = PBXFileReference; lastKnownFileType = sourcecode.swift; path = LoginController.swift; sourceTree = "<group>"; };
		47DAF91E25F9215E00482EE7 /* Week3-Login.app */ = {isa = PBXFileReference; explicitFileType = wrapper.application; includeInIndex = 0; path = "Week3-Login.app"; sourceTree = BUILT_PRODUCTS_DIR; };
		47DAF92125F9215E00482EE7 /* AppDelegate.swift */ = {isa = PBXFileReference; lastKnownFileType = sourcecode.swift; path = AppDelegate.swift; sourceTree = "<group>"; };
		47DAF92325F9215E00482EE7 /* SceneDelegate.swift */ = {isa = PBXFileReference; lastKnownFileType = sourcecode.swift; path = SceneDelegate.swift; sourceTree = "<group>"; };
		47DAF92525F9215E00482EE7 /* ViewController.swift */ = {isa = PBXFileReference; lastKnownFileType = sourcecode.swift; path = ViewController.swift; sourceTree = "<group>"; };
		47DAF92825F9215E00482EE7 /* Base */ = {isa = PBXFileReference; lastKnownFileType = file.storyboard; name = Base; path = Base.lproj/Main.storyboard; sourceTree = "<group>"; };
		47DAF92A25F9215E00482EE7 /* Assets.xcassets */ = {isa = PBXFileReference; lastKnownFileType = folder.assetcatalog; path = Assets.xcassets; sourceTree = "<group>"; };
		47DAF92D25F9215E00482EE7 /* Base */ = {isa = PBXFileReference; lastKnownFileType = file.storyboard; name = Base; path = Base.lproj/LaunchScreen.storyboard; sourceTree = "<group>"; };
		47DAF92F25F9215E00482EE7 /* Info.plist */ = {isa = PBXFileReference; lastKnownFileType = text.plist.xml; path = Info.plist; sourceTree = "<group>"; };
/* End PBXFileReference section */

/* Begin PBXFrameworksBuildPhase section */
		47DAF91B25F9215E00482EE7 /* Frameworks */ = {
			isa = PBXFrameworksBuildPhase;
			buildActionMask = 2147483647;
			files = (
			);
			runOnlyForDeploymentPostprocessing = 0;
		};
/* End PBXFrameworksBuildPhase section */

/* Begin PBXGroup section */
		47DAF91525F9215D00482EE7 = {
			isa = PBXGroup;
			children = (
				47DAF92025F9215E00482EE7 /* Week3-Login */,
				47DAF91F25F9215E00482EE7 /* Products */,
			);
			sourceTree = "<group>";
		};
		47DAF91F25F9215E00482EE7 /* Products */ = {
			isa = PBXGroup;
			children = (
				47DAF91E25F9215E00482EE7 /* Week3-Login.app */,
			);
			name = Products;
			sourceTree = "<group>";
		};
		47DAF92025F9215E00482EE7 /* Week3-Login */ = {
			isa = PBXGroup;
			children = (
				47DAF92125F9215E00482EE7 /* AppDelegate.swift */,
				47DAF92325F9215E00482EE7 /* SceneDelegate.swift */,
				47DAF92525F9215E00482EE7 /* ViewController.swift */,
				47DAF92725F9215E00482EE7 /* Main.storyboard */,
				471CA07825FDC74300A7C380 /* LoginController.swift */,
				47DAF92A25F9215E00482EE7 /* Assets.xcassets */,
				47DAF92C25F9215E00482EE7 /* LaunchScreen.storyboard */,
				47DAF92F25F9215E00482EE7 /* Info.plist */,
			);
			path = "Week3-Login";
			sourceTree = "<group>";
		};
/* End PBXGroup section */

/* Begin PBXNativeTarget section */
		47DAF91D25F9215E00482EE7 /* Week3-Login */ = {
			isa = PBXNativeTarget;
			buildConfigurationList = 47DAF93225F9215E00482EE7 /* Build configuration list for PBXNativeTarget "Week3-Login" */;
			buildPhases = (
				47DAF91A25F9215E00482EE7 /* Sources */,
				47DAF91B25F9215E00482EE7 /* Frameworks */,
				47DAF91C25F9215E00482EE7 /* Resources */,
			);
			buildRules = (
			);
			dependencies = (
			);
			name = "Week3-Login";
			productName = "Week3-Login";
			productReference = 47DAF91E25F9215E00482EE7 /* Week3-Login.app */;
			productType = "com.apple.product-type.application";
		};
/* End PBXNativeTarget section */

/* Begin PBXProject section */
		47DAF91625F9215D00482EE7 /* Project object */ = {
			isa = PBXProject;
			attributes = {
				LastSwiftUpdateCheck = 1220;
				LastUpgradeCheck = 1220;
				TargetAttributes = {
					47DAF91D25F9215E00482EE7 = {
						CreatedOnToolsVersion = 12.2;
					};
				};
			};
			buildConfigurationList = 47DAF91925F9215D00482EE7 /* Build configuration list for PBXProject "Week3-Login" */;
			compatibilityVersion = "Xcode 9.3";
			developmentRegion = en;
			hasScannedForEncodings = 0;
			knownRegions = (
				en,
				Base,
			);
			mainGroup = 47DAF91525F9215D00482EE7;
			productRefGroup = 47DAF91F25F9215E00482EE7 /* Products */;
			projectDirPath = "";
			projectRoot = "";
			targets = (
				47DAF91D25F9215E00482EE7 /* Week3-Login */,
			);
		};
/* End PBXProject section */

/* Begin PBXResourcesBuildPhase section */
		47DAF91C25F9215E00482EE7 /* Resources */ = {
			isa = PBXResourcesBuildPhase;
			buildActionMask = 2147483647;
			files = (
				47DAF92E25F9215E00482EE7 /* LaunchScreen.storyboard in Resources */,
				47DAF92B25F9215E00482EE7 /* Assets.xcassets in Resources */,
				47DAF92925F9215E00482EE7 /* Main.storyboard in Resources */,
			);
			runOnlyForDeploymentPostprocessing = 0;
		};
/* End PBXResourcesBuildPhase section */

/* Begin PBXSourcesBuildPhase section */
		47DAF91A25F9215E00482EE7 /* Sources */ = {
			isa = PBXSourcesBuildPhase;
			buildActionMask = 2147483647;
			files = (
				47DAF92625F9215E00482EE7 /* ViewController.swift in Sources */,
				471CA07925FDC74300A7C380 /* LoginController.swift in Sources */,
				47DAF92225F9215E00482EE7 /* AppDelegate.swift in Sources */,
				47DAF92425F9215E00482EE7 /* SceneDelegate.swift in Sources */,
			);
			runOnlyForDeploymentPostprocessing = 0;
		};
/* End PBXSourcesBuildPhase section */

/* Begin PBXVariantGroup section */
		47DAF92725F9215E00482EE7 /* Main.storyboard */ = {
			isa = PBXVariantGroup;
			children = (
				47DAF92825F9215E00482EE7 /* Base */,
			);
			name = Main.storyboard;
			sourceTree = "<group>";
		};
		47DAF92C25F9215E00482EE7 /* LaunchScreen.storyboard */ = {
			isa = PBXVariantGroup;
			children = (
				47DAF92D25F9215E00482EE7 /* Base */,
			);
			name = LaunchScreen.storyboard;
			sourceTree = "<group>";
		};
/* End PBXVariantGroup section */

/* Begin XCBuildConfiguration section */
		47DAF93025F9215E00482EE7 /* Debug */ = {
			isa = XCBuildConfiguration;
			buildSettings = {
				ALWAYS_SEARCH_USER_PATHS = NO;
				CLANG_ANALYZER_NONNULL = YES;
				CLANG_ANALYZER_NUMBER_OBJECT_CONVERSION = YES_AGGRESSIVE;
				CLANG_CXX_LANGUAGE_STANDARD = "gnu++14";
				CLANG_CXX_LIBRARY = "libc++";
				CLANG_ENABLE_MODULES = YES;
				CLANG_ENABLE_OBJC_ARC = YES;
				CLANG_ENABLE_OBJC_WEAK = YES;
				CLANG_WARN_BLOCK_CAPTURE_AUTORELEASING = YES;
				CLANG_WARN_BOOL_CONVERSION = YES;
				CLANG_WARN_COMMA = YES;
				CLANG_WARN_CONSTANT_CONVERSION = YES;
				CLANG_WARN_DEPRECATED_OBJC_IMPLEMENTATIONS = YES;
				CLANG_WARN_DIRECT_OBJC_ISA_USAGE = YES_ERROR;
				CLANG_WARN_DOCUMENTATION_COMMENTS = YES;
				CLANG_WARN_EMPTY_BODY = YES;
				CLANG_WARN_ENUM_CONVERSION = YES;
				CLANG_WARN_INFINITE_RECURSION = YES;
				CLANG_WARN_INT_CONVERSION = YES;
				CLANG_WARN_NON_LITERAL_NULL_CONVERSION = YES;
				CLANG_WARN_OBJC_IMPLICIT_RETAIN_SELF = YES;
				CLANG_WARN_OBJC_LITERAL_CONVERSION = YES;
				CLANG_WARN_OBJC_ROOT_CLASS = YES_ERROR;
				CLANG_WARN_QUOTED_INCLUDE_IN_FRAMEWORK_HEADER = YES;
				CLANG_WARN_RANGE_LOOP_ANALYSIS = YES;
				CLANG_WARN_STRICT_PROTOTYPES = YES;
				CLANG_WARN_SUSPICIOUS_MOVE = YES;
				CLANG_WARN_UNGUARDED_AVAILABILITY = YES_AGGRESSIVE;
				CLANG_WARN_UNREACHABLE_CODE = YES;
				CLANG_WARN__DUPLICATE_METHOD_MATCH = YES;
				COPY_PHASE_STRIP = NO;
				DEBUG_INFORMATION_FORMAT = dwarf;
				ENABLE_STRICT_OBJC_MSGSEND = YES;
				ENABLE_TESTABILITY = YES;
				GCC_C_LANGUAGE_STANDARD = gnu11;
				GCC_DYNAMIC_NO_PIC = NO;
				GCC_NO_COMMON_BLOCKS = YES;
				GCC_OPTIMIZATION_LEVEL = 0;
				GCC_PREPROCESSOR_DEFINITIONS = (
					"DEBUG=1",
					"$(inherited)",
				);
				GCC_WARN_64_TO_32_BIT_CONVERSION = YES;
				GCC_WARN_ABOUT_RETURN_TYPE = YES_ERROR;
				GCC_WARN_UNDECLARED_SELECTOR = YES;
				GCC_WARN_UNINITIALIZED_AUTOS = YES_AGGRESSIVE;
				GCC_WARN_UNUSED_FUNCTION = YES;
				GCC_WARN_UNUSED_VARIABLE = YES;
				IPHONEOS_DEPLOYMENT_TARGET = 14.2;
				MTL_ENABLE_DEBUG_INFO = INCLUDE_SOURCE;
				MTL_FAST_MATH = YES;
				ONLY_ACTIVE_ARCH = YES;
				SDKROOT = iphoneos;
				SWIFT_ACTIVE_COMPILATION_CONDITIONS = DEBUG;
				SWIFT_OPTIMIZATION_LEVEL = "-Onone";
			};
			name = Debug;
		};
		47DAF93125F9215E00482EE7 /* Release */ = {
			isa = XCBuildConfiguration;
			buildSettings = {
				ALWAYS_SEARCH_USER_PATHS = NO;
				CLANG_ANALYZER_NONNULL = YES;
				CLANG_ANALYZER_NUMBER_OBJECT_CONVERSION = YES_AGGRESSIVE;
				CLANG_CXX_LANGUAGE_STANDARD = "gnu++14";
				CLANG_CXX_LIBRARY = "libc++";
				CLANG_ENABLE_MODULES = YES;
				CLANG_ENABLE_OBJC_ARC = YES;
				CLANG_ENABLE_OBJC_WEAK = YES;
				CLANG_WARN_BLOCK_CAPTURE_AUTORELEASING = YES;
				CLANG_WARN_BOOL_CONVERSION = YES;
				CLANG_WARN_COMMA = YES;
				CLANG_WARN_CONSTANT_CONVERSION = YES;
				CLANG_WARN_DEPRECATED_OBJC_IMPLEMENTATIONS = YES;
				CLANG_WARN_DIRECT_OBJC_ISA_USAGE = YES_ERROR;
				CLANG_WARN_DOCUMENTATION_COMMENTS = YES;
				CLANG_WARN_EMPTY_BODY = YES;
				CLANG_WARN_ENUM_CONVERSION = YES;
				CLANG_WARN_INFINITE_RECURSION = YES;
				CLANG_WARN_INT_CONVERSION = YES;
				CLANG_WARN_NON_LITERAL_NULL_CONVERSION = YES;
				CLANG_WARN_OBJC_IMPLICIT_RETAIN_SELF = YES;
				CLANG_WARN_OBJC_LITERAL_CONVERSION = YES;
				CLANG_WARN_OBJC_ROOT_CLASS = YES_ERROR;
				CLANG_WARN_QUOTED_INCLUDE_IN_FRAMEWORK_HEADER = YES;
				CLANG_WARN_RANGE_LOOP_ANALYSIS = YES;
				CLANG_WARN_STRICT_PROTOTYPES = YES;
				CLANG_WARN_SUSPICIOUS_MOVE = YES;
				CLANG_WARN_UNGUARDED_AVAILABILITY = YES_AGGRESSIVE;
				CLANG_WARN_UNREACHABLE_CODE = YES;
				CLANG_WARN__DUPLICATE_METHOD_MATCH = YES;
				COPY_PHASE_STRIP = NO;
				DEBUG_INFORMATION_FORMAT = "dwarf-with-dsym";
				ENABLE_NS_ASSERTIONS = NO;
				ENABLE_STRICT_OBJC_MSGSEND = YES;
				GCC_C_LANGUAGE_STANDARD = gnu11;
				GCC_NO_COMMON_BLOCKS = YES;
				GCC_WARN_64_TO_32_BIT_CONVERSION = YES;
				GCC_WARN_ABOUT_RETURN_TYPE = YES_ERROR;
				GCC_WARN_UNDECLARED_SELECTOR = YES;
				GCC_WARN_UNINITIALIZED_AUTOS = YES_AGGRESSIVE;
				GCC_WARN_UNUSED_FUNCTION = YES;
				GCC_WARN_UNUSED_VARIABLE = YES;
				IPHONEOS_DEPLOYMENT_TARGET = 14.2;
				MTL_ENABLE_DEBUG_INFO = NO;
				MTL_FAST_MATH = YES;
				SDKROOT = iphoneos;
				SWIFT_COMPILATION_MODE = wholemodule;
				SWIFT_OPTIMIZATION_LEVEL = "-O";
				VALIDATE_PRODUCT = YES;
			};
			name = Release;
		};
		47DAF93325F9215E00482EE7 /* Debug */ = {
			isa = XCBuildConfiguration;
			buildSettings = {
				ASSETCATALOG_COMPILER_APPICON_NAME = AppIcon;
				ASSETCATALOG_COMPILER_GLOBAL_ACCENT_COLOR_NAME = AccentColor;
				CODE_SIGN_STYLE = Automatic;
				DEVELOPMENT_TEAM = AF543CM7YC;
				INFOPLIST_FILE = "Week3-Login/Info.plist";
				LD_RUNPATH_SEARCH_PATHS = (
					"$(inherited)",
					"@executable_path/Frameworks",
				);
				PRODUCT_BUNDLE_IDENTIFIER = "com.WenT.Appworks.Week3-Login";
				PRODUCT_NAME = "$(TARGET_NAME)";
				SWIFT_VERSION = 5.0;
				TARGETED_DEVICE_FAMILY = "1,2";
			};
			name = Debug;
		};
		47DAF93425F9215E00482EE7 /* Release */ = {
			isa = XCBuildConfiguration;
			buildSettings = {
				ASSETCATALOG_COMPILER_APPICON_NAME = AppIcon;
				ASSETCATALOG_COMPILER_GLOBAL_ACCENT_COLOR_NAME = AccentColor;
				CODE_SIGN_STYLE = Automatic;
				DEVELOPMENT_TEAM = AF543CM7YC;
				INFOPLIST_FILE = "Week3-Login/Info.plist";
				LD_RUNPATH_SEARCH_PATHS = (
					"$(inherited)",
					"@executable_path/Frameworks",
				);
				PRODUCT_BUNDLE_IDENTIFIER = "com.WenT.Appworks.Week3-Login";
				PRODUCT_NAME = "$(TARGET_NAME)";
				SWIFT_VERSION = 5.0;
				TARGETED_DEVICE_FAMILY = "1,2";
			};
			name = Release;
		};
/* End XCBuildConfiguration section */

/* Begin XCConfigurationList section */
		47DAF91925F9215D00482EE7 /* Build configuration list for PBXProject "Week3-Login" */ = {
			isa = XCConfigurationList;
			buildConfigurations = (
				47DAF93025F9215E00482EE7 /* Debug */,
				47DAF93125F9215E00482EE7 /* Release */,
			);
			defaultConfigurationIsVisible = 0;
			defaultConfigurationName = Release;
		};
		47DAF93225F9215E00482EE7 /* Build configuration list for PBXNativeTarget "Week3-Login" */ = {
			isa = XCConfigurationList;
			buildConfigurations = (
				47DAF93325F9215E00482EE7 /* Debug */,
				47DAF93425F9215E00482EE7 /* Release */,
			);
			defaultConfigurationIsVisible = 0;
			defaultConfigurationName = Release;
		};
/* End XCConfigurationList section */
	};
	rootObject = 47DAF91625F9215D00482EE7 /* Project object */;
}
